{
  "name": "@jnode/server-account",
  "version": "1.0.0",
  "lockfileVersion": 3,
  "requires": true,
  "packages": {
    "": {
      "name": "@jnode/server-account",
      "version": "1.0.0",
      "license": "Apache-2.0",
      "dependencies": {
        "@jnode/db": "^1.0.0",
        "@jnode/server": "^2.3.3"
      }
    },
    "node_modules/@jnode/db": {
      "version": "1.0.0",
      "resolved": "https://registry.npmjs.org/@jnode/db/-/db-1.0.0.tgz",
      "integrity": "sha512-IZZyqN8flEjpPkjz3FMkIhfvuu+NSiGBGF/mi4ugpSajNL3b6RWiUrBV0KBJgrKZU8Izutdg4F6SN5lXg8+WsA==",
      "license": "Apache-2.0"
    },
    "node_modules/@jnode/server": {
      "version": "2.3.3",
      "resolved": "https://registry.npmjs.org/@jnode/server/-/server-2.3.3.tgz",
      "integrity": "sha512-3KQZdhi+PQ+vpWkTAlCJMWRq4pOe2hkny9m3nMrkR6ATu/EV2Eyoe8FAkS7YEbeM24ngrX0xyAsstjMQigr2DQ==",
      "license": "Apache-2.0"
    }
  }
}
